
Microsoft Visual Studio Solution File, Format Version 12.00
# Visual Studio 15
VisualStudioVersion = 15.0.28010.0
MinimumVisualStudioVersion = 10.0.40219.1
Project("{FAE04EC0-301F-11D3-BF4B-00C04F79EFBC}") = "CleanCode.ConsoleApp", "CleanCode.ConsoleApp\CleanCode.ConsoleApp.csproj", "{43F2BF6C-4C7F-4752-822E-358D8647553B}"
EndProject
Global
	GlobalSection(SolutionConfigurationPlatforms) = preSolution
		Debug|Any CPU = Debug|Any CPU
		Release|Any CPU = Release|Any CPU
	EndGlobalSection
	GlobalSection(ProjectConfigurationPlatforms) = postSolution
		{43F2BF6C-4C7F-4752-822E-358D8647553B}.Debug|Any CPU.ActiveCfg = Debug|Any CPU
		{43F2BF6C-4C7F-4752-822E-358D8647553B}.Debug|Any CPU.Build.0 = Debug|Any CPU
		{43F2BF6C-4C7F-4752-822E-358D8647553B}.Release|Any CPU.ActiveCfg = Release|Any CPU
		{43F2BF6C-4C7F-4752-822E-358D8647553B}.Release|Any CPU.Build.0 = Release|Any CPU
	EndGlobalSection
	GlobalSection(SolutionProperties) = preSolution
		HideSolutionNode = FALSE
	EndGlobalSection
	GlobalSection(ExtensibilityGlobals) = postSolution
		SolutionGuid = {BC5EAE25-2DE0-42C6-ABF8-2519459681A7}
	EndGlobalSection
EndGlobal
